
Microsoft Visual Studio Solution File, Format Version 12.00
# Visual Studio Version 17
VisualStudioVersion = 17.0.31903.59
MinimumVisualStudioVersion = 10.0.40219.1
Project("{FAE04EC0-301F-11D3-BF4B-00C04F79EFBC}") = "Chillistica_game.App", "Chillistica_game.App\Chillistica_game.App.csproj", "{590CDCEB-25F5-43CC-A24E-430477AEFDE0}"
EndProject
Global
	GlobalSection(SolutionConfigurationPlatforms) = preSolution
		Debug|Any CPU = Debug|Any CPU
		Release|Any CPU = Release|Any CPU
	EndGlobalSection
	GlobalSection(SolutionProperties) = preSolution
		HideSolutionNode = FALSE
	EndGlobalSection
	GlobalSection(ProjectConfigurationPlatforms) = postSolution
		{590CDCEB-25F5-43CC-A24E-430477AEFDE0}.Debug|Any CPU.ActiveCfg = Debug|Any CPU
		{590CDCEB-25F5-43CC-A24E-430477AEFDE0}.Debug|Any CPU.Build.0 = Debug|Any CPU
		{590CDCEB-25F5-43CC-A24E-430477AEFDE0}.Release|Any CPU.ActiveCfg = Release|Any CPU
		{590CDCEB-25F5-43CC-A24E-430477AEFDE0}.Release|Any CPU.Build.0 = Release|Any CPU
	EndGlobalSection
EndGlobal
